
Microsoft Visual Studio Solution File, Format Version 12.00
# Visual Studio 2013
VisualStudioVersion = 12.0.21005.1
MinimumVisualStudioVersion = 10.0.40219.1
Project("{FAE04EC0-301F-11D3-BF4B-00C04F79EFBC}") = "P23", "P23\P23.csproj", "{BA26F46A-5745-4F4A-8EF4-9CFAC93E82F8}"
EndProject
Global
	GlobalSection(SolutionConfigurationPlatforms) = preSolution
		Debug|Any CPU = Debug|Any CPU
		Release|Any CPU = Release|Any CPU
	EndGlobalSection
	GlobalSection(ProjectConfigurationPlatforms) = postSolution
		{BA26F46A-5745-4F4A-8EF4-9CFAC93E82F8}.Debug|Any CPU.ActiveCfg = Debug|Any CPU
		{BA26F46A-5745-4F4A-8EF4-9CFAC93E82F8}.Debug|Any CPU.Build.0 = Debug|Any CPU
		{BA26F46A-5745-4F4A-8EF4-9CFAC93E82F8}.Release|Any CPU.ActiveCfg = Release|Any CPU
		{BA26F46A-5745-4F4A-8EF4-9CFAC93E82F8}.Release|Any CPU.Build.0 = Release|Any CPU
	EndGlobalSection
	GlobalSection(SolutionProperties) = preSolution
		HideSolutionNode = FALSE
	EndGlobalSection
EndGlobal
