
Microsoft Visual Studio Solution File, Format Version 12.00
# Visual Studio 2012
Project("{8BC9CEB8-8B4A-11D0-8D11-00A0C91BC942}") = "P65", "P65\P65.vcxproj", "{B48192CC-3DBF-4E53-8CCD-4EA4525109F3}"
EndProject
Global
	GlobalSection(SolutionConfigurationPlatforms) = preSolution
		Debug|Win32 = Debug|Win32
		Release|Win32 = Release|Win32
	EndGlobalSection
	GlobalSection(ProjectConfigurationPlatforms) = postSolution
		{B48192CC-3DBF-4E53-8CCD-4EA4525109F3}.Debug|Win32.ActiveCfg = Debug|Win32
		{B48192CC-3DBF-4E53-8CCD-4EA4525109F3}.Debug|Win32.Build.0 = Debug|Win32
		{B48192CC-3DBF-4E53-8CCD-4EA4525109F3}.Release|Win32.ActiveCfg = Release|Win32
		{B48192CC-3DBF-4E53-8CCD-4EA4525109F3}.Release|Win32.Build.0 = Release|Win32
	EndGlobalSection
	GlobalSection(SolutionProperties) = preSolution
		HideSolutionNode = FALSE
	EndGlobalSection
EndGlobal
