
Microsoft Visual Studio Solution File, Format Version 12.00
# Visual Studio 2012
Project("{8BC9CEB8-8B4A-11D0-8D11-00A0C91BC942}") = "P12", "P12\P12.vcxproj", "{D434595D-CEB1-4BE2-82B4-E99FCC5D3D67}"
EndProject
Global
	GlobalSection(SolutionConfigurationPlatforms) = preSolution
		Debug|Win32 = Debug|Win32
		Release|Win32 = Release|Win32
	EndGlobalSection
	GlobalSection(ProjectConfigurationPlatforms) = postSolution
		{D434595D-CEB1-4BE2-82B4-E99FCC5D3D67}.Debug|Win32.ActiveCfg = Debug|Win32
		{D434595D-CEB1-4BE2-82B4-E99FCC5D3D67}.Debug|Win32.Build.0 = Debug|Win32
		{D434595D-CEB1-4BE2-82B4-E99FCC5D3D67}.Release|Win32.ActiveCfg = Release|Win32
		{D434595D-CEB1-4BE2-82B4-E99FCC5D3D67}.Release|Win32.Build.0 = Release|Win32
	EndGlobalSection
	GlobalSection(SolutionProperties) = preSolution
		HideSolutionNode = FALSE
	EndGlobalSection
EndGlobal
