
Microsoft Visual Studio Solution File, Format Version 12.00
# Visual Studio 2012
Project("{FAE04EC0-301F-11D3-BF4B-00C04F79EFBC}") = "WindowsFormsApplication7", "WindowsFormsApplication7\WindowsFormsApplication7.csproj", "{49697441-4682-42CF-9D67-1328EBBDD314}"
EndProject
Global
	GlobalSection(SolutionConfigurationPlatforms) = preSolution
		Debug|Any CPU = Debug|Any CPU
		Release|Any CPU = Release|Any CPU
	EndGlobalSection
	GlobalSection(ProjectConfigurationPlatforms) = postSolution
		{49697441-4682-42CF-9D67-1328EBBDD314}.Debug|Any CPU.ActiveCfg = Debug|Any CPU
		{49697441-4682-42CF-9D67-1328EBBDD314}.Debug|Any CPU.Build.0 = Debug|Any CPU
		{49697441-4682-42CF-9D67-1328EBBDD314}.Release|Any CPU.ActiveCfg = Release|Any CPU
		{49697441-4682-42CF-9D67-1328EBBDD314}.Release|Any CPU.Build.0 = Release|Any CPU
	EndGlobalSection
	GlobalSection(SolutionProperties) = preSolution
		HideSolutionNode = FALSE
	EndGlobalSection
EndGlobal
