
Microsoft Visual Studio Solution File, Format Version 12.00
# Visual Studio 2012
Project("{FAE04EC0-301F-11D3-BF4B-00C04F79EFBC}") = "WindowsFormsApplication17", "WindowsFormsApplication17\WindowsFormsApplication17.csproj", "{4269C7A7-CB88-4FB1-987C-FE5E652588EF}"
EndProject
Global
	GlobalSection(SolutionConfigurationPlatforms) = preSolution
		Debug|Any CPU = Debug|Any CPU
		Release|Any CPU = Release|Any CPU
	EndGlobalSection
	GlobalSection(ProjectConfigurationPlatforms) = postSolution
		{4269C7A7-CB88-4FB1-987C-FE5E652588EF}.Debug|Any CPU.ActiveCfg = Debug|Any CPU
		{4269C7A7-CB88-4FB1-987C-FE5E652588EF}.Debug|Any CPU.Build.0 = Debug|Any CPU
		{4269C7A7-CB88-4FB1-987C-FE5E652588EF}.Release|Any CPU.ActiveCfg = Release|Any CPU
		{4269C7A7-CB88-4FB1-987C-FE5E652588EF}.Release|Any CPU.Build.0 = Release|Any CPU
	EndGlobalSection
	GlobalSection(SolutionProperties) = preSolution
		HideSolutionNode = FALSE
	EndGlobalSection
EndGlobal
