
Microsoft Visual Studio Solution File, Format Version 12.00
# Visual Studio 2012
Project("{8BC9CEB8-8B4A-11D0-8D11-00A0C91BC942}") = "P12", "P12\P12.vcxproj", "{C877E48D-35ED-4844-913E-5D42D1A0E061}"
EndProject
Global
	GlobalSection(SolutionConfigurationPlatforms) = preSolution
		Debug|Win32 = Debug|Win32
		Release|Win32 = Release|Win32
	EndGlobalSection
	GlobalSection(ProjectConfigurationPlatforms) = postSolution
		{C877E48D-35ED-4844-913E-5D42D1A0E061}.Debug|Win32.ActiveCfg = Debug|Win32
		{C877E48D-35ED-4844-913E-5D42D1A0E061}.Debug|Win32.Build.0 = Debug|Win32
		{C877E48D-35ED-4844-913E-5D42D1A0E061}.Release|Win32.ActiveCfg = Release|Win32
		{C877E48D-35ED-4844-913E-5D42D1A0E061}.Release|Win32.Build.0 = Release|Win32
	EndGlobalSection
	GlobalSection(SolutionProperties) = preSolution
		HideSolutionNode = FALSE
	EndGlobalSection
EndGlobal
